github.com/BWbwchen/MapReduce v1.0.0 h1:3WmH2yviXBDE/qsvN7+BWhDWt/s6+ZPWGvQt+tE0GDc=
github.com/BWbwchen/MapReduce v1.0.0/go.mod h1:bhCJGvAw0J+MmglSMAzPbHpK8DAIKD9MDiLV0Fnah+w=
github.com/golang/protobuf v1.5.2 h1:ROPKBNFfQgOUMifHyP+KYbvpjbdoFNs+aK7DXlji0Tw=
github.com/golang/protobuf v1.5.2/go.mod h1:XVQd3VNwM+JqD3oG2Ue2ip4fOMUkwXdXDdiuN0vRsmY=
github.com/google/uuid v1.3.0 h1:t6JiXgmwXMjEs8VusXIJk2BXHsn+wx8BZdTaoZ5fu7I=
github.com/google/uuid v1.3.0/go.mod h1:TIyPZe4MgqvfeYDBFedMoGGpEw/LqOeaOT+nhxU+yHo=
github.com/sirupsen/logrus v1.8.1 h1:dJKuHgqk1NNQlqoA6BTlM1Wf9DOH3NBjQyu0h9+AZZE=
github.com/sirupsen/logrus v1.8.1/go.mod h1:yWOB1SBYBC5VeMP7gHvWumXLIWorT60ONWic61uBYv0=
golang.org/x/net v0.0.0-20210503060351-7fd8e65b6420 h1:a8jGStKg0XqKDlKqjLrXn0ioF5MH36pT7Z0BRTqLhbk=
golang.org/x/net v0.0.0-20210503060351-7fd8e65b6420/go.mod h1:9nx3DQGgdP8bBQD5qxJ1jj9UTztislL4KSBs9R2vV5Y=
golang.org/x/sys v0.0.0-20211117180635-dee7805ff2e1 h1:kwrAHlwJ0DUBZwQ238v+Uod/3eZ8B2K5rYsUHBQvzmI=
golang.org/x/sys v0.0.0-20211117180635-dee7805ff2e1/go.mod h1:oPkhp1MJrh7nUepCBck5+mAzfO9JrbApNNgaTdGDITg=
golang.org/x/text v0.3.7 h1:olpwvP2KacW1ZWvsR7uQhoyTYvKAupfQrRGBFM352Gk=
golang.org/x/text v0.3.7/go.mod h1:u+2+/6zg+i71rQMx5EYifcz6MCKuco9NR6JIITiCfzQ=
google.golang.org/genproto v0.0.0-20210828152312-66f60bf46e71 h1:z+ErRPu0+KS02Td3fOAgdX+lnPDh/VyaABEJPD4JRQs=
google.golang.org/genproto v0.0.0-20210828152312-66f60bf46e71/go.mod h1:eFjDcFEctNawg4eG61bRv87N7iHBWyVhJu7u1kqDUXY=
google.golang.org/grpc v1.42.0 h1:XT2/MFpuPFsEX2fWh3YQtHkZ+WYZFQRfaUgLZYj/p6A=
google.golang.org/grpc v1.42.0/go.mod h1:k+4IHHFw41K8+bbowsex27ge2rCb65oeWqe4jJ590SU=
google.golang.org/protobuf v1.27.1 h1:SnqbnDw1V7RiZcXPx5MEeqPv2s79L9i7BJUlG/+RurQ=
google.golang.org/protobuf v1.27.1/go.mod h1:9q0QmTI4eRPtz6boOQmLYwt+qCgq0jsYwAQnmE0givc=
